
Microsoft Visual Studio Solution File, Format Version 12.00
# Visual Studio Version 16
VisualStudioVersion = 16.0.31321.278
MinimumVisualStudioVersion = 10.0.40219.1
Project("{FAE04EC0-301F-11D3-BF4B-00C04F79EFBC}") = "CustomMissText", "CustomMissText\CustomMissText.csproj", "{0A97377F-6C73-486E-8DC8-679E471AEE59}"
EndProject
Global
	GlobalSection(SolutionConfigurationPlatforms) = preSolution
		Debug|Any CPU = Debug|Any CPU
		Release|Any CPU = Release|Any CPU
	EndGlobalSection
	GlobalSection(ProjectConfigurationPlatforms) = postSolution
		{0A97377F-6C73-486E-8DC8-679E471AEE59}.Debug|Any CPU.ActiveCfg = Debug|Any CPU
		{0A97377F-6C73-486E-8DC8-679E471AEE59}.Debug|Any CPU.Build.0 = Debug|Any CPU
		{0A97377F-6C73-486E-8DC8-679E471AEE59}.Release|Any CPU.ActiveCfg = Release|Any CPU
		{0A97377F-6C73-486E-8DC8-679E471AEE59}.Release|Any CPU.Build.0 = Release|Any CPU
	EndGlobalSection
	GlobalSection(SolutionProperties) = preSolution
		HideSolutionNode = FALSE
	EndGlobalSection
	GlobalSection(ExtensibilityGlobals) = postSolution
		SolutionGuid = {7AB2F240-0A60-457D-B233-ACAD8FE94151}
	EndGlobalSection
EndGlobal
